// !$*UTF8*$!
{
	archiveVersion = 1;
	classes = {
	};
	objectVersion = 46;
	objects = {

/* Begin PBXBuildFile section */
		28ACC0CB181E580300454F4A /* CHTCollectionViewWaterfallFooter.m in Sources */ = {isa = PBXBuildFile; fileRef = 28ACC0CA181E580300454F4A /* CHTCollectionViewWaterfallFooter.m */; };
		28FB2A16181580B1002B84F4 /* CHTCollectionViewWaterfallHeader.m in Sources */ = {isa = PBXBuildFile; fileRef = 28FB2A15181580B1002B84F4 /* CHTCollectionViewWaterfallHeader.m */; };
		526109C516646F4D005E4B6E /* UIKit.framework in Frameworks */ = {isa = PBXBuildFile; fileRef = 526109C416646F4D005E4B6E /* UIKit.framework */; };
		526109C716646F4D005E4B6E /* Foundation.framework in Frameworks */ = {isa = PBXBuildFile; fileRef = 526109C616646F4D005E4B6E /* Foundation.framework */; };
		526109C916646F4D005E4B6E /* CoreGraphics.framework in Frameworks */ = {isa = PBXBuildFile; fileRef = 526109C816646F4D005E4B6E /* CoreGraphics.framework */; };
		526109CF16646F4D005E4B6E /* InfoPlist.strings in Resources */ = {isa = PBXBuildFile; fileRef = 526109CD16646F4D005E4B6E /* InfoPlist.strings */; };
		526109D116646F4D005E4B6E /* main.m in Sources */ = {isa = PBXBuildFile; fileRef = 526109D016646F4D005E4B6E /* main.m */; };
		526109D516646F4D005E4B6E /* AppDelegate.m in Sources */ = {isa = PBXBuildFile; fileRef = 526109D416646F4D005E4B6E /* AppDelegate.m */; };
		526109D716646F4D005E4B6E /* Default.png in Resources */ = {isa = PBXBuildFile; fileRef = 526109D616646F4D005E4B6E /* Default.png */; };
		526109D916646F4D005E4B6E /* Default@2x.png in Resources */ = {isa = PBXBuildFile; fileRef = 526109D816646F4D005E4B6E /* Default@2x.png */; };
		526109DB16646F4D005E4B6E /* Default-568h@2x.png in Resources */ = {isa = PBXBuildFile; fileRef = 526109DA16646F4D005E4B6E /* Default-568h@2x.png */; };
		526109DE16646F4D005E4B6E /* MainStoryboard_iPhone.storyboard in Resources */ = {isa = PBXBuildFile; fileRef = 526109DC16646F4D005E4B6E /* MainStoryboard_iPhone.storyboard */; };
		526109E416646F4D005E4B6E /* ViewController.m in Sources */ = {isa = PBXBuildFile; fileRef = 526109E316646F4D005E4B6E /* ViewController.m */; };
		526109F01664709D005E4B6E /* CHTCollectionViewWaterfallLayout.m in Sources */ = {isa = PBXBuildFile; fileRef = 526109EF1664709D005E4B6E /* CHTCollectionViewWaterfallLayout.m */; };
		526109F31664740B005E4B6E /* CHTCollectionViewWaterfallCell.m in Sources */ = {isa = PBXBuildFile; fileRef = 526109F21664740B005E4B6E /* CHTCollectionViewWaterfallCell.m */; };
		E5E7073B195E341500773FD3 /* cat1.jpg in Resources */ = {isa = PBXBuildFile; fileRef = E5E70737195E341500773FD3 /* cat1.jpg */; };
		E5E7073C195E341500773FD3 /* cat2.jpg in Resources */ = {isa = PBXBuildFile; fileRef = E5E70738195E341500773FD3 /* cat2.jpg */; };
		E5E7073D195E341500773FD3 /* cat3.jpg in Resources */ = {isa = PBXBuildFile; fileRef = E5E70739195E341500773FD3 /* cat3.jpg */; };
		E5E7073E195E341500773FD3 /* cat4.jpg in Resources */ = {isa = PBXBuildFile; fileRef = E5E7073A195E341500773FD3 /* cat4.jpg */; };
/* End PBXBuildFile section */

/* Begin PBXFileReference section */
		28ACC0C9181E580300454F4A /* CHTCollectionViewWaterfallFooter.h */ = {isa = PBXFileReference; fileEncoding = 4; lastKnownFileType = sourcecode.c.h; path = CHTCollectionViewWaterfallFooter.h; sourceTree = "<group>"; };
		28ACC0CA181E580300454F4A /* CHTCollectionViewWaterfallFooter.m */ = {isa = PBXFileReference; fileEncoding = 4; lastKnownFileType = sourcecode.c.objc; path = CHTCollectionViewWaterfallFooter.m; sourceTree = "<group>"; };
		28FB2A14181580B0002B84F4 /* CHTCollectionViewWaterfallHeader.h */ = {isa = PBXFileReference; fileEncoding = 4; lastKnownFileType = sourcecode.c.h; path = CHTCollectionViewWaterfallHeader.h; sourceTree = "<group>"; };
		28FB2A15181580B1002B84F4 /* CHTCollectionViewWaterfallHeader.m */ = {isa = PBXFileReference; fileEncoding = 4; lastKnownFileType = sourcecode.c.objc; path = CHTCollectionViewWaterfallHeader.m; sourceTree = "<group>"; };
		526109C016646F4D005E4B6E /* Demo.app */ = {isa = PBXFileReference; explicitFileType = wrapper.application; includeInIndex = 0; path = Demo.app; sourceTree = BUILT_PRODUCTS_DIR; };
		526109C416646F4D005E4B6E /* UIKit.framework */ = {isa = PBXFileReference; lastKnownFileType = wrapper.framework; name = UIKit.framework; path = System/Library/Frameworks/UIKit.framework; sourceTree = SDKROOT; };
		526109C616646F4D005E4B6E /* Foundation.framework */ = {isa = PBXFileReference; lastKnownFileType = wrapper.framework; name = Foundation.framework; path = System/Library/Frameworks/Foundation.framework; sourceTree = SDKROOT; };
		526109C816646F4D005E4B6E /* CoreGraphics.framework */ = {isa = PBXFileReference; lastKnownFileType = wrapper.framework; name = CoreGraphics.framework; path = System/Library/Frameworks/CoreGraphics.framework; sourceTree = SDKROOT; };
		526109CC16646F4D005E4B6E /* Demo-Info.plist */ = {isa = PBXFileReference; lastKnownFileType = text.plist.xml; path = "Demo-Info.plist"; sourceTree = "<group>"; };
		526109CE16646F4D005E4B6E /* en */ = {isa = PBXFileReference; lastKnownFileType = text.plist.strings; name = en; path = en.lproj/InfoPlist.strings; sourceTree = "<group>"; };
		526109D016646F4D005E4B6E /* main.m */ = {isa = PBXFileReference; lastKnownFileType = sourcecode.c.objc; path = main.m; sourceTree = "<group>"; };
		526109D216646F4D005E4B6E /* Demo-Prefix.pch */ = {isa = PBXFileReference; lastKnownFileType = sourcecode.c.h; path = "Demo-Prefix.pch"; sourceTree = "<group>"; };
		526109D316646F4D005E4B6E /* AppDelegate.h */ = {isa = PBXFileReference; lastKnownFileType = sourcecode.c.h; path = AppDelegate.h; sourceTree = "<group>"; };
		526109D416646F4D005E4B6E /* AppDelegate.m */ = {isa = PBXFileReference; lastKnownFileType = sourcecode.c.objc; path = AppDelegate.m; sourceTree = "<group>"; };
		526109D616646F4D005E4B6E /* Default.png */ = {isa = PBXFileReference; lastKnownFileType = image.png; path = Default.png; sourceTree = "<group>"; };
		526109D816646F4D005E4B6E /* Default@2x.png */ = {isa = PBXFileReference; lastKnownFileType = image.png; path = "Default@2x.png"; sourceTree = "<group>"; };
		526109DA16646F4D005E4B6E /* Default-568h@2x.png */ = {isa = PBXFileReference; lastKnownFileType = image.png; path = "Default-568h@2x.png"; sourceTree = "<group>"; };
		526109DD16646F4D005E4B6E /* en */ = {isa = PBXFileReference; lastKnownFileType = file.storyboard; name = en; path = en.lproj/MainStoryboard_iPhone.storyboard; sourceTree = "<group>"; };
		526109E216646F4D005E4B6E /* ViewController.h */ = {isa = PBXFileReference; lastKnownFileType = sourcecode.c.h; path = ViewController.h; sourceTree = "<group>"; };
		526109E316646F4D005E4B6E /* ViewController.m */ = {isa = PBXFileReference; lastKnownFileType = sourcecode.c.objc; path = ViewController.m; sourceTree = "<group>"; };
		526109EE1664709D005E4B6E /* CHTCollectionViewWaterfallLayout.h */ = {isa = PBXFileReference; fileEncoding = 4; lastKnownFileType = sourcecode.c.h; name = CHTCollectionViewWaterfallLayout.h; path = ../../CHTCollectionViewWaterfallLayout.h; sourceTree = "<group>"; };
		526109EF1664709D005E4B6E /* CHTCollectionViewWaterfallLayout.m */ = {isa = PBXFileReference; fileEncoding = 4; lastKnownFileType = sourcecode.c.objc; name = CHTCollectionViewWaterfallLayout.m; path = ../../CHTCollectionViewWaterfallLayout.m; sourceTree = "<group>"; };
		526109F11664740B005E4B6E /* CHTCollectionViewWaterfallCell.h */ = {isa = PBXFileReference; fileEncoding = 4; lastKnownFileType = sourcecode.c.h; path = CHTCollectionViewWaterfallCell.h; sourceTree = "<group>"; };
		526109F21664740B005E4B6E /* CHTCollectionViewWaterfallCell.m */ = {isa = PBXFileReference; fileEncoding = 4; lastKnownFileType = sourcecode.c.objc; path = CHTCollectionViewWaterfallCell.m; sourceTree = "<group>"; };
		E5E70737195E341500773FD3 /* cat1.jpg */ = {isa = PBXFileReference; lastKnownFileType = image.jpeg; path = cat1.jpg; sourceTree = "<group>"; };
		E5E70738195E341500773FD3 /* cat2.jpg */ = {isa = PBXFileReference; lastKnownFileType = image.jpeg; path = cat2.jpg; sourceTree = "<group>"; };
		E5E70739195E341500773FD3 /* cat3.jpg */ = {isa = PBXFileReference; lastKnownFileType = image.jpeg; path = cat3.jpg; sourceTree = "<group>"; };
		E5E7073A195E341500773FD3 /* cat4.jpg */ = {isa = PBXFileReference; lastKnownFileType = image.jpeg; path = cat4.jpg; sourceTree = "<group>"; };
/* End PBXFileReference section */

/* Begin PBXFrameworksBuildPhase section */
		526109BD16646F4D005E4B6E /* Frameworks */ = {
			isa = PBXFrameworksBuildPhase;
			buildActionMask = 2147483647;
			files = (
				526109C516646F4D005E4B6E /* UIKit.framework in Frameworks */,
				526109C716646F4D005E4B6E /* Foundation.framework in Frameworks */,
				526109C916646F4D005E4B6E /* CoreGraphics.framework in Frameworks */,
			);
			runOnlyForDeploymentPostprocessing = 0;
		};
/* End PBXFrameworksBuildPhase section */

/* Begin PBXGroup section */
		526109B516646F4D005E4B6E = {
			isa = PBXGroup;
			children = (
				526109CA16646F4D005E4B6E /* Demo */,
				526109C316646F4D005E4B6E /* Frameworks */,
				526109C116646F4D005E4B6E /* Products */,
			);
			sourceTree = "<group>";
		};
		526109C116646F4D005E4B6E /* Products */ = {
			isa = PBXGroup;
			children = (
				526109C016646F4D005E4B6E /* Demo.app */,
			);
			name = Products;
			sourceTree = "<group>";
		};
		526109C316646F4D005E4B6E /* Frameworks */ = {
			isa = PBXGroup;
			children = (
				526109C416646F4D005E4B6E /* UIKit.framework */,
				526109C616646F4D005E4B6E /* Foundation.framework */,
				526109C816646F4D005E4B6E /* CoreGraphics.framework */,
			);
			name = Frameworks;
			sourceTree = "<group>";
		};
		526109CA16646F4D005E4B6E /* Demo */ = {
			isa = PBXGroup;
			children = (
				526109D316646F4D005E4B6E /* AppDelegate.h */,
				526109D416646F4D005E4B6E /* AppDelegate.m */,
				526109F11664740B005E4B6E /* CHTCollectionViewWaterfallCell.h */,
				526109F21664740B005E4B6E /* CHTCollectionViewWaterfallCell.m */,
				28FB2A14181580B0002B84F4 /* CHTCollectionViewWaterfallHeader.h */,
				28FB2A15181580B1002B84F4 /* CHTCollectionViewWaterfallHeader.m */,
				28ACC0C9181E580300454F4A /* CHTCollectionViewWaterfallFooter.h */,
				28ACC0CA181E580300454F4A /* CHTCollectionViewWaterfallFooter.m */,
				526109DC16646F4D005E4B6E /* MainStoryboard_iPhone.storyboard */,
				526109E216646F4D005E4B6E /* ViewController.h */,
				526109E316646F4D005E4B6E /* ViewController.m */,
				52E121B91867F53600B9DC53 /* Vender */,
				526109CB16646F4D005E4B6E /* Supporting Files */,
			);
			path = Demo;
			sourceTree = "<group>";
		};
		526109CB16646F4D005E4B6E /* Supporting Files */ = {
			isa = PBXGroup;
			children = (
				E5E70736195E341500773FD3 /* images */,
				526109CC16646F4D005E4B6E /* Demo-Info.plist */,
				526109CD16646F4D005E4B6E /* InfoPlist.strings */,
				526109D016646F4D005E4B6E /* main.m */,
				526109D216646F4D005E4B6E /* Demo-Prefix.pch */,
				526109D616646F4D005E4B6E /* Default.png */,
				526109D816646F4D005E4B6E /* Default@2x.png */,
				526109DA16646F4D005E4B6E /* Default-568h@2x.png */,
			);
			name = "Supporting Files";
			sourceTree = "<group>";
		};
		52E121B91867F53600B9DC53 /* Vender */ = {
			isa = PBXGroup;
			children = (
				526109EE1664709D005E4B6E /* CHTCollectionViewWaterfallLayout.h */,
				526109EF1664709D005E4B6E /* CHTCollectionViewWaterfallLayout.m */,
			);
			name = Vender;
			sourceTree = "<group>";
		};
		E5E70736195E341500773FD3 /* images */ = {
			isa = PBXGroup;
			children = (
				E5E70737195E341500773FD3 /* cat1.jpg */,
				E5E70738195E341500773FD3 /* cat2.jpg */,
				E5E70739195E341500773FD3 /* cat3.jpg */,
				E5E7073A195E341500773FD3 /* cat4.jpg */,
			);
			path = images;
			sourceTree = "<group>";
		};
/* End PBXGroup section */

/* Begin PBXNativeTarget section */
		526109BF16646F4D005E4B6E /* Demo */ = {
			isa = PBXNativeTarget;
			buildConfigurationList = 526109E716646F4D005E4B6E /* Build configuration list for PBXNativeTarget "Demo" */;
			buildPhases = (
				526109BC16646F4D005E4B6E /* Sources */,
				526109BD16646F4D005E4B6E /* Frameworks */,
				526109BE16646F4D005E4B6E /* Resources */,
			);
			buildRules = (
			);
			dependencies = (
			);
			name = Demo;
			productName = Demo;
			productReference = 526109C016646F4D005E4B6E /* Demo.app */;
			productType = "com.apple.product-type.application";
		};
/* End PBXNativeTarget section */

/* Begin PBXProject section */
		526109B716646F4D005E4B6E /* Project object */ = {
			isa = PBXProject;
			attributes = {
				LastUpgradeCheck = 0450;
				ORGANIZATIONNAME = Nelson;
			};
			buildConfigurationList = 526109BA16646F4D005E4B6E /* Build configuration list for PBXProject "Demo" */;
			compatibilityVersion = "Xcode 3.2";
			developmentRegion = English;
			hasScannedForEncodings = 0;
			knownRegions = (
				en,
			);
			mainGroup = 526109B516646F4D005E4B6E;
			productRefGroup = 526109C116646F4D005E4B6E /* Products */;
			projectDirPath = "";
			projectRoot = "";
			targets = (
				526109BF16646F4D005E4B6E /* Demo */,
			);
		};
/* End PBXProject section */

/* Begin PBXResourcesBuildPhase section */
		526109BE16646F4D005E4B6E /* Resources */ = {
			isa = PBXResourcesBuildPhase;
			buildActionMask = 2147483647;
			files = (
				E5E7073C195E341500773FD3 /* cat2.jpg in Resources */,
				526109CF16646F4D005E4B6E /* InfoPlist.strings in Resources */,
				E5E7073D195E341500773FD3 /* cat3.jpg in Resources */,
				526109D716646F4D005E4B6E /* Default.png in Resources */,
				E5E7073E195E341500773FD3 /* cat4.jpg in Resources */,
				526109D916646F4D005E4B6E /* Default@2x.png in Resources */,
				526109DB16646F4D005E4B6E /* Default-568h@2x.png in Resources */,
				E5E7073B195E341500773FD3 /* cat1.jpg in Resources */,
				526109DE16646F4D005E4B6E /* MainStoryboard_iPhone.storyboard in Resources */,
			);
			runOnlyForDeploymentPostprocessing = 0;
		};
/* End PBXResourcesBuildPhase section */

/* Begin PBXSourcesBuildPhase section */
		526109BC16646F4D005E4B6E /* Sources */ = {
			isa = PBXSourcesBuildPhase;
			buildActionMask = 2147483647;
			files = (
				526109D116646F4D005E4B6E /* main.m in Sources */,
				526109D516646F4D005E4B6E /* AppDelegate.m in Sources */,
				28ACC0CB181E580300454F4A /* CHTCollectionViewWaterfallFooter.m in Sources */,
				526109E416646F4D005E4B6E /* ViewController.m in Sources */,
				526109F01664709D005E4B6E /* CHTCollectionViewWaterfallLayout.m in Sources */,
				28FB2A16181580B1002B84F4 /* CHTCollectionViewWaterfallHeader.m in Sources */,
				526109F31664740B005E4B6E /* CHTCollectionViewWaterfallCell.m in Sources */,
			);
			runOnlyForDeploymentPostprocessing = 0;
		};
/* End PBXSourcesBuildPhase section */

/* Begin PBXVariantGroup section */
		526109CD16646F4D005E4B6E /* InfoPlist.strings */ = {
			isa = PBXVariantGroup;
			children = (
				526109CE16646F4D005E4B6E /* en */,
			);
			name = InfoPlist.strings;
			sourceTree = "<group>";
		};
		526109DC16646F4D005E4B6E /* MainStoryboard_iPhone.storyboard */ = {
			isa = PBXVariantGroup;
			children = (
				526109DD16646F4D005E4B6E /* en */,
			);
			name = MainStoryboard_iPhone.storyboard;
			sourceTree = "<group>";
		};
/* End PBXVariantGroup section */

/* Begin XCBuildConfiguration section */
		526109E516646F4D005E4B6E /* Debug */ = {
			isa = XCBuildConfiguration;
			buildSettings = {
				ALWAYS_SEARCH_USER_PATHS = NO;
				CLANG_CXX_LANGUAGE_STANDARD = "gnu++0x";
				CLANG_CXX_LIBRARY = "libc++";
				CLANG_ENABLE_OBJC_ARC = YES;
				CLANG_WARN_EMPTY_BODY = YES;
				CLANG_WARN__DUPLICATE_METHOD_MATCH = YES;
				"CODE_SIGN_IDENTITY[sdk=iphoneos*]" = "iPhone Developer";
				COPY_PHASE_STRIP = NO;
				GCC_C_LANGUAGE_STANDARD = gnu99;
				GCC_DYNAMIC_NO_PIC = NO;
				GCC_OPTIMIZATION_LEVEL = 0;
				GCC_PREPROCESSOR_DEFINITIONS = (
					"DEBUG=1",
					"$(inherited)",
				);
				GCC_SYMBOLS_PRIVATE_EXTERN = NO;
				GCC_WARN_ABOUT_RETURN_TYPE = YES;
				GCC_WARN_UNINITIALIZED_AUTOS = YES;
				GCC_WARN_UNUSED_VARIABLE = YES;
				IPHONEOS_DEPLOYMENT_TARGET = 6.0;
				ONLY_ACTIVE_ARCH = YES;
				SDKROOT = iphoneos;
				TARGETED_DEVICE_FAMILY = "1,2";
			};
			name = Debug;
		};
		526109E616646F4D005E4B6E /* Release */ = {
			isa = XCBuildConfiguration;
			buildSettings = {
				ALWAYS_SEARCH_USER_PATHS = NO;
				CLANG_CXX_LANGUAGE_STANDARD = "gnu++0x";
				CLANG_CXX_LIBRARY = "libc++";
				CLANG_ENABLE_OBJC_ARC = YES;
				CLANG_WARN_EMPTY_BODY = YES;
				CLANG_WARN__DUPLICATE_METHOD_MATCH = YES;
				"CODE_SIGN_IDENTITY[sdk=iphoneos*]" = "iPhone Developer";
				COPY_PHASE_STRIP = YES;
				GCC_C_LANGUAGE_STANDARD = gnu99;
				GCC_WARN_ABOUT_RETURN_TYPE = YES;
				GCC_WARN_UNINITIALIZED_AUTOS = YES;
				GCC_WARN_UNUSED_VARIABLE = YES;
				IPHONEOS_DEPLOYMENT_TARGET = 6.0;
				OTHER_CFLAGS = "-DNS_BLOCK_ASSERTIONS=1";
				SDKROOT = iphoneos;
				TARGETED_DEVICE_FAMILY = "1,2";
				VALIDATE_PRODUCT = YES;
			};
			name = Release;
		};
		526109E816646F4D005E4B6E /* Debug */ = {
			isa = XCBuildConfiguration;
			buildSettings = {
				GCC_PRECOMPILE_PREFIX_HEADER = YES;
				GCC_PREFIX_HEADER = "Demo/Demo-Prefix.pch";
				INFOPLIST_FILE = "Demo/Demo-Info.plist";
				PRODUCT_NAME = "$(TARGET_NAME)";
				WRAPPER_EXTENSION = app;
			};
			name = Debug;
		};
		526109E916646F4D005E4B6E /* Release */ = {
			isa = XCBuildConfiguration;
			buildSettings = {
				GCC_PRECOMPILE_PREFIX_HEADER = YES;
				GCC_PREFIX_HEADER = "Demo/Demo-Prefix.pch";
				INFOPLIST_FILE = "Demo/Demo-Info.plist";
				PRODUCT_NAME = "$(TARGET_NAME)";
				WRAPPER_EXTENSION = app;
			};
			name = Release;
		};
/* End XCBuildConfiguration section */

/* Begin XCConfigurationList section */
		526109BA16646F4D005E4B6E /* Build configuration list for PBXProject "Demo" */ = {
			isa = XCConfigurationList;
			buildConfigurations = (
				526109E516646F4D005E4B6E /* Debug */,
				526109E616646F4D005E4B6E /* Release */,
			);
			defaultConfigurationIsVisible = 0;
			defaultConfigurationName = Release;
		};
		526109E716646F4D005E4B6E /* Build configuration list for PBXNativeTarget "Demo" */ = {
			isa = XCConfigurationList;
			buildConfigurations = (
				526109E816646F4D005E4B6E /* Debug */,
				526109E916646F4D005E4B6E /* Release */,
			);
			defaultConfigurationIsVisible = 0;
			defaultConfigurationName = Release;
		};
/* End XCConfigurationList section */
	};
	rootObject = 526109B716646F4D005E4B6E /* Project object */;
}
