// !$*UTF8*$!
{
	archiveVersion = 1;
	classes = {
	};
	objectVersion = 52;
	objects = {

/* Begin PBXBuildFile section */
		52FADF3D1CB650DC0097FB12 /* CHTCollectionViewWaterfallLayout.swift in Sources */ = {isa = PBXBuildFile; fileRef = 52FADF3C1CB650DC0097FB12 /* CHTCollectionViewWaterfallLayout.swift */; };
		62C26FDF1ABE01840027F8D4 /* AppDelegate.swift in Sources */ = {isa = PBXBuildFile; fileRef = 62C26FDE1ABE01840027F8D4 /* AppDelegate.swift */; };
		62C26FE61ABE01840027F8D4 /* Images.xcassets in Resources */ = {isa = PBXBuildFile; fileRef = 62C26FE51ABE01840027F8D4 /* Images.xcassets */; };
		62C26FE91ABE01840027F8D4 /* LaunchScreen.xib in Resources */ = {isa = PBXBuildFile; fileRef = 62C26FE71ABE01840027F8D4 /* LaunchScreen.xib */; };
		62C26FFF1ABE01B20027F8D4 /* Main.storyboard in Resources */ = {isa = PBXBuildFile; fileRef = 62C26FFE1ABE01B20027F8D4 /* Main.storyboard */; };
		62C270011ABE01BA0027F8D4 /* ViewController.swift in Sources */ = {isa = PBXBuildFile; fileRef = 62C270001ABE01BA0027F8D4 /* ViewController.swift */; };
		62C270031ABE01D70027F8D4 /* Model.swift in Sources */ = {isa = PBXBuildFile; fileRef = 62C270021ABE01D70027F8D4 /* Model.swift */; };
		62C270061ABE01E70027F8D4 /* ImageUICollectionViewCell.swift in Sources */ = {isa = PBXBuildFile; fileRef = 62C270041ABE01E70027F8D4 /* ImageUICollectionViewCell.swift */; };
		62C270071ABE01E70027F8D4 /* ImageUICollectionViewCell.xib in Resources */ = {isa = PBXBuildFile; fileRef = 62C270051ABE01E70027F8D4 /* ImageUICollectionViewCell.xib */; };
		A561128927595AE500D4F206 /* Model.swift in Sources */ = {isa = PBXBuildFile; fileRef = 62C270021ABE01D70027F8D4 /* Model.swift */; };
		A561128A27595AE500D4F206 /* ViewController.swift in Sources */ = {isa = PBXBuildFile; fileRef = 62C270001ABE01BA0027F8D4 /* ViewController.swift */; };
		A561128B27595AE500D4F206 /* ImageUICollectionViewCell.swift in Sources */ = {isa = PBXBuildFile; fileRef = 62C270041ABE01E70027F8D4 /* ImageUICollectionViewCell.swift */; };
		A561128C27595AE500D4F206 /* AppDelegate.swift in Sources */ = {isa = PBXBuildFile; fileRef = 62C26FDE1ABE01840027F8D4 /* AppDelegate.swift */; };
		A561129027595AE500D4F206 /* Main.storyboard in Resources */ = {isa = PBXBuildFile; fileRef = 62C26FFE1ABE01B20027F8D4 /* Main.storyboard */; };
		A561129127595AE500D4F206 /* LaunchScreen.xib in Resources */ = {isa = PBXBuildFile; fileRef = 62C26FE71ABE01840027F8D4 /* LaunchScreen.xib */; };
		A561129227595AE500D4F206 /* ImageUICollectionViewCell.xib in Resources */ = {isa = PBXBuildFile; fileRef = 62C270051ABE01E70027F8D4 /* ImageUICollectionViewCell.xib */; };
		A561129327595AE500D4F206 /* Images.xcassets in Resources */ = {isa = PBXBuildFile; fileRef = 62C26FE51ABE01840027F8D4 /* Images.xcassets */; };
		A561129B27595BAC00D4F206 /* CHTCollectionViewWaterfallLayout in Frameworks */ = {isa = PBXBuildFile; productRef = A561129A27595BAC00D4F206 /* CHTCollectionViewWaterfallLayout */; };
/* End PBXBuildFile section */

/* Begin PBXFileReference section */
		52FADF3C1CB650DC0097FB12 /* CHTCollectionViewWaterfallLayout.swift */ = {isa = PBXFileReference; fileEncoding = 4; lastKnownFileType = sourcecode.swift; name = CHTCollectionViewWaterfallLayout.swift; path = ../../Source/CHTCollectionViewWaterfallLayout.swift; sourceTree = SOURCE_ROOT; };
		62C26FD91ABE01840027F8D4 /* CHTWaterfallSwiftDemo.app */ = {isa = PBXFileReference; explicitFileType = wrapper.application; includeInIndex = 0; path = CHTWaterfallSwiftDemo.app; sourceTree = BUILT_PRODUCTS_DIR; };
		62C26FDD1ABE01840027F8D4 /* CHTWaterfallSwiftDemo-Info.plist */ = {isa = PBXFileReference; lastKnownFileType = text.plist.xml; path = "CHTWaterfallSwiftDemo-Info.plist"; sourceTree = "<group>"; };
		62C26FDE1ABE01840027F8D4 /* AppDelegate.swift */ = {isa = PBXFileReference; lastKnownFileType = sourcecode.swift; path = AppDelegate.swift; sourceTree = "<group>"; };
		62C26FE51ABE01840027F8D4 /* Images.xcassets */ = {isa = PBXFileReference; lastKnownFileType = folder.assetcatalog; path = Images.xcassets; sourceTree = "<group>"; };
		62C26FE81ABE01840027F8D4 /* Base */ = {isa = PBXFileReference; lastKnownFileType = file.xib; name = Base; path = Base.lproj/LaunchScreen.xib; sourceTree = "<group>"; };
		62C26FFE1ABE01B20027F8D4 /* Main.storyboard */ = {isa = PBXFileReference; fileEncoding = 4; lastKnownFileType = file.storyboard; path = Main.storyboard; sourceTree = "<group>"; };
		62C270001ABE01BA0027F8D4 /* ViewController.swift */ = {isa = PBXFileReference; fileEncoding = 4; lastKnownFileType = sourcecode.swift; path = ViewController.swift; sourceTree = "<group>"; };
		62C270021ABE01D70027F8D4 /* Model.swift */ = {isa = PBXFileReference; fileEncoding = 4; lastKnownFileType = sourcecode.swift; path = Model.swift; sourceTree = "<group>"; };
		62C270041ABE01E70027F8D4 /* ImageUICollectionViewCell.swift */ = {isa = PBXFileReference; fileEncoding = 4; lastKnownFileType = sourcecode.swift; path = ImageUICollectionViewCell.swift; sourceTree = "<group>"; };
		62C270051ABE01E70027F8D4 /* ImageUICollectionViewCell.xib */ = {isa = PBXFileReference; fileEncoding = 4; lastKnownFileType = file.xib; path = ImageUICollectionViewCell.xib; sourceTree = "<group>"; };
		A561128627595AB200D4F206 /* CHTCollectionViewWaterfallLayout */ = {isa = PBXFileReference; lastKnownFileType = folder; name = CHTCollectionViewWaterfallLayout; path = ../..; sourceTree = "<group>"; };
		A561129727595AE500D4F206 /* CHTWaterfallSwiftSPMDemo.app */ = {isa = PBXFileReference; explicitFileType = wrapper.application; includeInIndex = 0; path = CHTWaterfallSwiftSPMDemo.app; sourceTree = BUILT_PRODUCTS_DIR; };
		A561129827595AE600D4F206 /* CHTWaterfallSwiftSPMDemo-Info.plist */ = {isa = PBXFileReference; lastKnownFileType = text.plist.xml; path = "CHTWaterfallSwiftSPMDemo-Info.plist"; sourceTree = "<group>"; };
/* End PBXFileReference section */

/* Begin PBXFrameworksBuildPhase section */
		62C26FD61ABE01840027F8D4 /* Frameworks */ = {
			isa = PBXFrameworksBuildPhase;
			buildActionMask = 2147483647;
			files = (
			);
			runOnlyForDeploymentPostprocessing = 0;
		};
		A561128E27595AE500D4F206 /* Frameworks */ = {
			isa = PBXFrameworksBuildPhase;
			buildActionMask = 2147483647;
			files = (
				A561129B27595BAC00D4F206 /* CHTCollectionViewWaterfallLayout in Frameworks */,
			);
			runOnlyForDeploymentPostprocessing = 0;
		};
/* End PBXFrameworksBuildPhase section */

/* Begin PBXGroup section */
		52FADF381CB64FA20097FB12 /* Vender */ = {
			isa = PBXGroup;
			children = (
				52FADF3C1CB650DC0097FB12 /* CHTCollectionViewWaterfallLayout.swift */,
			);
			name = Vender;
			sourceTree = "<group>";
		};
		62C26FD01ABE01840027F8D4 = {
			isa = PBXGroup;
			children = (
				A561128627595AB200D4F206 /* CHTCollectionViewWaterfallLayout */,
				62C26FDB1ABE01840027F8D4 /* CHTWaterfallSwiftDemo */,
				62C26FDA1ABE01840027F8D4 /* Products */,
				A561129927595BAC00D4F206 /* Frameworks */,
			);
			sourceTree = "<group>";
		};
		62C26FDA1ABE01840027F8D4 /* Products */ = {
			isa = PBXGroup;
			children = (
				62C26FD91ABE01840027F8D4 /* CHTWaterfallSwiftDemo.app */,
				A561129727595AE500D4F206 /* CHTWaterfallSwiftSPMDemo.app */,
			);
			name = Products;
			sourceTree = "<group>";
		};
		62C26FDB1ABE01840027F8D4 /* CHTWaterfallSwiftDemo */ = {
			isa = PBXGroup;
			children = (
				52FADF381CB64FA20097FB12 /* Vender */,
				62C26FFE1ABE01B20027F8D4 /* Main.storyboard */,
				62C26FDE1ABE01840027F8D4 /* AppDelegate.swift */,
				62C270001ABE01BA0027F8D4 /* ViewController.swift */,
				62C270041ABE01E70027F8D4 /* ImageUICollectionViewCell.swift */,
				62C270051ABE01E70027F8D4 /* ImageUICollectionViewCell.xib */,
				62C270021ABE01D70027F8D4 /* Model.swift */,
				62C26FE71ABE01840027F8D4 /* LaunchScreen.xib */,
				62C26FE51ABE01840027F8D4 /* Images.xcassets */,
				62C26FDC1ABE01840027F8D4 /* Supporting Files */,
			);
			path = CHTWaterfallSwiftDemo;
			sourceTree = "<group>";
		};
		62C26FDC1ABE01840027F8D4 /* Supporting Files */ = {
			isa = PBXGroup;
			children = (
				62C26FDD1ABE01840027F8D4 /* CHTWaterfallSwiftDemo-Info.plist */,
				A561129827595AE600D4F206 /* CHTWaterfallSwiftSPMDemo-Info.plist */,
			);
			name = "Supporting Files";
			sourceTree = "<group>";
		};
		A561129927595BAC00D4F206 /* Frameworks */ = {
			isa = PBXGroup;
			children = (
			);
			name = Frameworks;
			sourceTree = "<group>";
		};
/* End PBXGroup section */

/* Begin PBXNativeTarget section */
		62C26FD81ABE01840027F8D4 /* CHTWaterfallSwiftDemo */ = {
			isa = PBXNativeTarget;
			buildConfigurationList = 62C26FF81ABE01850027F8D4 /* Build configuration list for PBXNativeTarget "CHTWaterfallSwiftDemo" */;
			buildPhases = (
				62C26FD51ABE01840027F8D4 /* Sources */,
				62C26FD61ABE01840027F8D4 /* Frameworks */,
				62C26FD71ABE01840027F8D4 /* Resources */,
			);
			buildRules = (
			);
			dependencies = (
			);
			name = CHTWaterfallSwiftDemo;
			productName = CHTWaterfallSwiftDemo;
			productReference = 62C26FD91ABE01840027F8D4 /* CHTWaterfallSwiftDemo.app */;
			productType = "com.apple.product-type.application";
		};
		A561128727595AE500D4F206 /* CHTWaterfallSwiftSPMDemo */ = {
			isa = PBXNativeTarget;
			buildConfigurationList = A561129427595AE500D4F206 /* Build configuration list for PBXNativeTarget "CHTWaterfallSwiftSPMDemo" */;
			buildPhases = (
				A561128827595AE500D4F206 /* Sources */,
				A561128E27595AE500D4F206 /* Frameworks */,
				A561128F27595AE500D4F206 /* Resources */,
			);
			buildRules = (
			);
			dependencies = (
			);
			name = CHTWaterfallSwiftSPMDemo;
			packageProductDependencies = (
				A561129A27595BAC00D4F206 /* CHTCollectionViewWaterfallLayout */,
			);
			productName = CHTWaterfallSwiftDemo;
			productReference = A561129727595AE500D4F206 /* CHTWaterfallSwiftSPMDemo.app */;
			productType = "com.apple.product-type.application";
		};
/* End PBXNativeTarget section */

/* Begin PBXProject section */
		62C26FD11ABE01840027F8D4 /* Project object */ = {
			isa = PBXProject;
			attributes = {
				LastSwiftMigration = 0730;
				LastSwiftUpdateCheck = 0730;
				LastUpgradeCheck = 1020;
				ORGANIZATIONNAME = "Sophie Fader";
				TargetAttributes = {
					62C26FD81ABE01840027F8D4 = {
						CreatedOnToolsVersion = 6.1.1;
						DevelopmentTeam = KZ7D8X3PRK;
					};
				};
			};
			buildConfigurationList = 62C26FD41ABE01840027F8D4 /* Build configuration list for PBXProject "CHTWaterfallSwiftDemo" */;
			compatibilityVersion = "Xcode 3.2";
			developmentRegion = en;
			hasScannedForEncodings = 0;
			knownRegions = (
				en,
				Base,
			);
			mainGroup = 62C26FD01ABE01840027F8D4;
			productRefGroup = 62C26FDA1ABE01840027F8D4 /* Products */;
			projectDirPath = "";
			projectRoot = "";
			targets = (
				62C26FD81ABE01840027F8D4 /* CHTWaterfallSwiftDemo */,
				A561128727595AE500D4F206 /* CHTWaterfallSwiftSPMDemo */,
			);
		};
/* End PBXProject section */

/* Begin PBXResourcesBuildPhase section */
		62C26FD71ABE01840027F8D4 /* Resources */ = {
			isa = PBXResourcesBuildPhase;
			buildActionMask = 2147483647;
			files = (
				62C26FFF1ABE01B20027F8D4 /* Main.storyboard in Resources */,
				62C26FE91ABE01840027F8D4 /* LaunchScreen.xib in Resources */,
				62C270071ABE01E70027F8D4 /* ImageUICollectionViewCell.xib in Resources */,
				62C26FE61ABE01840027F8D4 /* Images.xcassets in Resources */,
			);
			runOnlyForDeploymentPostprocessing = 0;
		};
		A561128F27595AE500D4F206 /* Resources */ = {
			isa = PBXResourcesBuildPhase;
			buildActionMask = 2147483647;
			files = (
				A561129027595AE500D4F206 /* Main.storyboard in Resources */,
				A561129127595AE500D4F206 /* LaunchScreen.xib in Resources */,
				A561129227595AE500D4F206 /* ImageUICollectionViewCell.xib in Resources */,
				A561129327595AE500D4F206 /* Images.xcassets in Resources */,
			);
			runOnlyForDeploymentPostprocessing = 0;
		};
/* End PBXResourcesBuildPhase section */

/* Begin PBXSourcesBuildPhase section */
		62C26FD51ABE01840027F8D4 /* Sources */ = {
			isa = PBXSourcesBuildPhase;
			buildActionMask = 2147483647;
			files = (
				62C270031ABE01D70027F8D4 /* Model.swift in Sources */,
				62C270011ABE01BA0027F8D4 /* ViewController.swift in Sources */,
				62C270061ABE01E70027F8D4 /* ImageUICollectionViewCell.swift in Sources */,
				62C26FDF1ABE01840027F8D4 /* AppDelegate.swift in Sources */,
				52FADF3D1CB650DC0097FB12 /* CHTCollectionViewWaterfallLayout.swift in Sources */,
			);
			runOnlyForDeploymentPostprocessing = 0;
		};
		A561128827595AE500D4F206 /* Sources */ = {
			isa = PBXSourcesBuildPhase;
			buildActionMask = 2147483647;
			files = (
				A561128927595AE500D4F206 /* Model.swift in Sources */,
				A561128A27595AE500D4F206 /* ViewController.swift in Sources */,
				A561128B27595AE500D4F206 /* ImageUICollectionViewCell.swift in Sources */,
				A561128C27595AE500D4F206 /* AppDelegate.swift in Sources */,
			);
			runOnlyForDeploymentPostprocessing = 0;
		};
/* End PBXSourcesBuildPhase section */

/* Begin PBXVariantGroup section */
		62C26FE71ABE01840027F8D4 /* LaunchScreen.xib */ = {
			isa = PBXVariantGroup;
			children = (
				62C26FE81ABE01840027F8D4 /* Base */,
			);
			name = LaunchScreen.xib;
			sourceTree = "<group>";
		};
/* End PBXVariantGroup section */

/* Begin XCBuildConfiguration section */
		62C26FF61ABE01850027F8D4 /* Debug */ = {
			isa = XCBuildConfiguration;
			buildSettings = {
				ALWAYS_SEARCH_USER_PATHS = NO;
				CLANG_ANALYZER_LOCALIZABILITY_NONLOCALIZED = YES;
				CLANG_CXX_LANGUAGE_STANDARD = "gnu++0x";
				CLANG_CXX_LIBRARY = "libc++";
				CLANG_ENABLE_MODULES = YES;
				CLANG_ENABLE_OBJC_ARC = YES;
				CLANG_WARN_BLOCK_CAPTURE_AUTORELEASING = YES;
				CLANG_WARN_BOOL_CONVERSION = YES;
				CLANG_WARN_COMMA = YES;
				CLANG_WARN_CONSTANT_CONVERSION = YES;
				CLANG_WARN_DEPRECATED_OBJC_IMPLEMENTATIONS = YES;
				CLANG_WARN_DIRECT_OBJC_ISA_USAGE = YES_ERROR;
				CLANG_WARN_EMPTY_BODY = YES;
				CLANG_WARN_ENUM_CONVERSION = YES;
				CLANG_WARN_INFINITE_RECURSION = YES;
				CLANG_WARN_INT_CONVERSION = YES;
				CLANG_WARN_NON_LITERAL_NULL_CONVERSION = YES;
				CLANG_WARN_OBJC_IMPLICIT_RETAIN_SELF = YES;
				CLANG_WARN_OBJC_LITERAL_CONVERSION = YES;
				CLANG_WARN_OBJC_ROOT_CLASS = YES_ERROR;
				CLANG_WARN_RANGE_LOOP_ANALYSIS = YES;
				CLANG_WARN_STRICT_PROTOTYPES = YES;
				CLANG_WARN_SUSPICIOUS_MOVE = YES;
				CLANG_WARN_UNREACHABLE_CODE = YES;
				CLANG_WARN__DUPLICATE_METHOD_MATCH = YES;
				"CODE_SIGN_IDENTITY[sdk=iphoneos*]" = "iPhone Developer";
				COPY_PHASE_STRIP = NO;
				ENABLE_STRICT_OBJC_MSGSEND = YES;
				ENABLE_TESTABILITY = YES;
				GCC_C_LANGUAGE_STANDARD = gnu99;
				GCC_DYNAMIC_NO_PIC = NO;
				GCC_NO_COMMON_BLOCKS = YES;
				GCC_OPTIMIZATION_LEVEL = 0;
				GCC_PREPROCESSOR_DEFINITIONS = (
					"DEBUG=1",
					"$(inherited)",
				);
				GCC_SYMBOLS_PRIVATE_EXTERN = NO;
				GCC_WARN_64_TO_32_BIT_CONVERSION = YES;
				GCC_WARN_ABOUT_RETURN_TYPE = YES_ERROR;
				GCC_WARN_UNDECLARED_SELECTOR = YES;
				GCC_WARN_UNINITIALIZED_AUTOS = YES_AGGRESSIVE;
				GCC_WARN_UNUSED_FUNCTION = YES;
				GCC_WARN_UNUSED_VARIABLE = YES;
				IPHONEOS_DEPLOYMENT_TARGET = 9.0;
				MTL_ENABLE_DEBUG_INFO = YES;
				ONLY_ACTIVE_ARCH = YES;
				SDKROOT = iphoneos;
				SWIFT_OPTIMIZATION_LEVEL = "-Onone";
				TARGETED_DEVICE_FAMILY = "1,2";
			};
			name = Debug;
		};
		62C26FF71ABE01850027F8D4 /* Release */ = {
			isa = XCBuildConfiguration;
			buildSettings = {
				ALWAYS_SEARCH_USER_PATHS = NO;
				CLANG_ANALYZER_LOCALIZABILITY_NONLOCALIZED = YES;
				CLANG_CXX_LANGUAGE_STANDARD = "gnu++0x";
				CLANG_CXX_LIBRARY = "libc++";
				CLANG_ENABLE_MODULES = YES;
				CLANG_ENABLE_OBJC_ARC = YES;
				CLANG_WARN_BLOCK_CAPTURE_AUTORELEASING = YES;
				CLANG_WARN_BOOL_CONVERSION = YES;
				CLANG_WARN_COMMA = YES;
				CLANG_WARN_CONSTANT_CONVERSION = YES;
				CLANG_WARN_DEPRECATED_OBJC_IMPLEMENTATIONS = YES;
				CLANG_WARN_DIRECT_OBJC_ISA_USAGE = YES_ERROR;
				CLANG_WARN_EMPTY_BODY = YES;
				CLANG_WARN_ENUM_CONVERSION = YES;
				CLANG_WARN_INFINITE_RECURSION = YES;
				CLANG_WARN_INT_CONVERSION = YES;
				CLANG_WARN_NON_LITERAL_NULL_CONVERSION = YES;
				CLANG_WARN_OBJC_IMPLICIT_RETAIN_SELF = YES;
				CLANG_WARN_OBJC_LITERAL_CONVERSION = YES;
				CLANG_WARN_OBJC_ROOT_CLASS = YES_ERROR;
				CLANG_WARN_RANGE_LOOP_ANALYSIS = YES;
				CLANG_WARN_STRICT_PROTOTYPES = YES;
				CLANG_WARN_SUSPICIOUS_MOVE = YES;
				CLANG_WARN_UNREACHABLE_CODE = YES;
				CLANG_WARN__DUPLICATE_METHOD_MATCH = YES;
				"CODE_SIGN_IDENTITY[sdk=iphoneos*]" = "iPhone Developer";
				COPY_PHASE_STRIP = YES;
				ENABLE_NS_ASSERTIONS = NO;
				ENABLE_STRICT_OBJC_MSGSEND = YES;
				GCC_C_LANGUAGE_STANDARD = gnu99;
				GCC_NO_COMMON_BLOCKS = YES;
				GCC_WARN_64_TO_32_BIT_CONVERSION = YES;
				GCC_WARN_ABOUT_RETURN_TYPE = YES_ERROR;
				GCC_WARN_UNDECLARED_SELECTOR = YES;
				GCC_WARN_UNINITIALIZED_AUTOS = YES_AGGRESSIVE;
				GCC_WARN_UNUSED_FUNCTION = YES;
				GCC_WARN_UNUSED_VARIABLE = YES;
				IPHONEOS_DEPLOYMENT_TARGET = 9.0;
				MTL_ENABLE_DEBUG_INFO = NO;
				SDKROOT = iphoneos;
				SWIFT_COMPILATION_MODE = wholemodule;
				TARGETED_DEVICE_FAMILY = "1,2";
				VALIDATE_PRODUCT = YES;
			};
			name = Release;
		};
		62C26FF91ABE01850027F8D4 /* Debug */ = {
			isa = XCBuildConfiguration;
			buildSettings = {
				ASSETCATALOG_COMPILER_APPICON_NAME = AppIcon;
				CLANG_ENABLE_MODULES = YES;
				INFOPLIST_FILE = "CHTWaterfallSwiftDemo/CHTWaterfallSwiftDemo-Info.plist";
				LD_RUNPATH_SEARCH_PATHS = (
					"$(inherited)",
					"@executable_path/Frameworks",
				);
				PRODUCT_BUNDLE_IDENTIFIER = "com.sophiefader.$(PRODUCT_NAME:rfc1034identifier)";
				PRODUCT_NAME = "$(TARGET_NAME)";
				SWIFT_VERSION = 5.0;
			};
			name = Debug;
		};
		62C26FFA1ABE01850027F8D4 /* Release */ = {
			isa = XCBuildConfiguration;
			buildSettings = {
				ASSETCATALOG_COMPILER_APPICON_NAME = AppIcon;
				CLANG_ENABLE_MODULES = YES;
				INFOPLIST_FILE = "CHTWaterfallSwiftDemo/CHTWaterfallSwiftDemo-Info.plist";
				LD_RUNPATH_SEARCH_PATHS = (
					"$(inherited)",
					"@executable_path/Frameworks",
				);
				PRODUCT_BUNDLE_IDENTIFIER = "com.sophiefader.$(PRODUCT_NAME:rfc1034identifier)";
				PRODUCT_NAME = "$(TARGET_NAME)";
				SWIFT_VERSION = 5.0;
			};
			name = Release;
		};
		A561129527595AE500D4F206 /* Debug */ = {
			isa = XCBuildConfiguration;
			buildSettings = {
				ASSETCATALOG_COMPILER_APPICON_NAME = AppIcon;
				CLANG_ENABLE_MODULES = YES;
				INFOPLIST_FILE = "CHTWaterfallSwiftDemo/CHTWaterfallSwiftSPMDemo-Info.plist";
				LD_RUNPATH_SEARCH_PATHS = (
					"$(inherited)",
					"@executable_path/Frameworks",
				);
				PRODUCT_BUNDLE_IDENTIFIER = "com.sophiefader.$(PRODUCT_NAME:rfc1034identifier)";
				PRODUCT_NAME = "$(TARGET_NAME)";
				SWIFT_VERSION = 5.0;
			};
			name = Debug;
		};
		A561129627595AE500D4F206 /* Release */ = {
			isa = XCBuildConfiguration;
			buildSettings = {
				ASSETCATALOG_COMPILER_APPICON_NAME = AppIcon;
				CLANG_ENABLE_MODULES = YES;
				INFOPLIST_FILE = "CHTWaterfallSwiftDemo/CHTWaterfallSwiftSPMDemo-Info.plist";
				LD_RUNPATH_SEARCH_PATHS = (
					"$(inherited)",
					"@executable_path/Frameworks",
				);
				PRODUCT_BUNDLE_IDENTIFIER = com.sophiefader.CHTWaterfallSwiftSPMDemo;
				PRODUCT_NAME = "$(TARGET_NAME)";
				SWIFT_VERSION = 5.0;
			};
			name = Release;
		};
/* End XCBuildConfiguration section */

/* Begin XCConfigurationList section */
		62C26FD41ABE01840027F8D4 /* Build configuration list for PBXProject "CHTWaterfallSwiftDemo" */ = {
			isa = XCConfigurationList;
			buildConfigurations = (
				62C26FF61ABE01850027F8D4 /* Debug */,
				62C26FF71ABE01850027F8D4 /* Release */,
			);
			defaultConfigurationIsVisible = 0;
			defaultConfigurationName = Release;
		};
		62C26FF81ABE01850027F8D4 /* Build configuration list for PBXNativeTarget "CHTWaterfallSwiftDemo" */ = {
			isa = XCConfigurationList;
			buildConfigurations = (
				62C26FF91ABE01850027F8D4 /* Debug */,
				62C26FFA1ABE01850027F8D4 /* Release */,
			);
			defaultConfigurationIsVisible = 0;
			defaultConfigurationName = Release;
		};
		A561129427595AE500D4F206 /* Build configuration list for PBXNativeTarget "CHTWaterfallSwiftSPMDemo" */ = {
			isa = XCConfigurationList;
			buildConfigurations = (
				A561129527595AE500D4F206 /* Debug */,
				A561129627595AE500D4F206 /* Release */,
			);
			defaultConfigurationIsVisible = 0;
			defaultConfigurationName = Release;
		};
/* End XCConfigurationList section */

/* Begin XCSwiftPackageProductDependency section */
		A561129A27595BAC00D4F206 /* CHTCollectionViewWaterfallLayout */ = {
			isa = XCSwiftPackageProductDependency;
			productName = CHTCollectionViewWaterfallLayout;
		};
/* End XCSwiftPackageProductDependency section */
	};
	rootObject = 62C26FD11ABE01840027F8D4 /* Project object */;
}
